
Microsoft Visual Studio Solution File, Format Version 12.00
# Visual Studio Version 17
VisualStudioVersion = 17.3.32929.385
MinimumVisualStudioVersion = 10.0.40219.1
Project("{FAE04EC0-301F-11D3-BF4B-00C04F79EFBC}") = "swen_01_mtcg_client", "swen_01_mtcg_client.csproj", "{1495EB35-78CE-417A-AC61-2F460C533A35}"
EndProject
Global
	GlobalSection(SolutionConfigurationPlatforms) = preSolution
		Debug|Any CPU = Debug|Any CPU
		Release|Any CPU = Release|Any CPU
	EndGlobalSection
	GlobalSection(ProjectConfigurationPlatforms) = postSolution
		{1495EB35-78CE-417A-AC61-2F460C533A35}.Debug|Any CPU.ActiveCfg = Debug|Any CPU
		{1495EB35-78CE-417A-AC61-2F460C533A35}.Debug|Any CPU.Build.0 = Debug|Any CPU
		{1495EB35-78CE-417A-AC61-2F460C533A35}.Release|Any CPU.ActiveCfg = Release|Any CPU
		{1495EB35-78CE-417A-AC61-2F460C533A35}.Release|Any CPU.Build.0 = Release|Any CPU
	EndGlobalSection
	GlobalSection(SolutionProperties) = preSolution
		HideSolutionNode = FALSE
	EndGlobalSection
	GlobalSection(ExtensibilityGlobals) = postSolution
		SolutionGuid = {21315705-1C35-40A2-97D4-4C73F3D0A088}
	EndGlobalSection
EndGlobal
